
Microsoft Visual Studio Solution File, Format Version 12.00
# Visual Studio Version 17
VisualStudioVersion = 17.9.34723.18
MinimumVisualStudioVersion = 10.0.40219.1
Project("{FAE04EC0-301F-11D3-BF4B-00C04F79EFBC}") = "MyNotes", "MyNotes\MyNotes.csproj", "{D668B1C8-4BF5-4B2B-8CDA-26210FB0289E}"
EndProject
Global
	GlobalSection(SolutionConfigurationPlatforms) = preSolution
		Debug|Any CPU = Debug|Any CPU
		Release|Any CPU = Release|Any CPU
	EndGlobalSection
	GlobalSection(ProjectConfigurationPlatforms) = postSolution
		{D668B1C8-4BF5-4B2B-8CDA-26210FB0289E}.Debug|Any CPU.ActiveCfg = Debug|Any CPU
		{D668B1C8-4BF5-4B2B-8CDA-26210FB0289E}.Debug|Any CPU.Build.0 = Debug|Any CPU
		{D668B1C8-4BF5-4B2B-8CDA-26210FB0289E}.Release|Any CPU.ActiveCfg = Release|Any CPU
		{D668B1C8-4BF5-4B2B-8CDA-26210FB0289E}.Release|Any CPU.Build.0 = Release|Any CPU
	EndGlobalSection
	GlobalSection(SolutionProperties) = preSolution
		HideSolutionNode = FALSE
	EndGlobalSection
	GlobalSection(ExtensibilityGlobals) = postSolution
		SolutionGuid = {308B7A8E-61BA-4440-B510-07509F3A92CA}
	EndGlobalSection
EndGlobal
